
Microsoft Visual Studio Solution File, Format Version 12.00
# Visual Studio Version 16
VisualStudioVersion = 16.0.810.16
MinimumVisualStudioVersion = 10.0.40219.1
Project("{FAE04EC0-301F-11D3-BF4B-00C04F79EFBC}") = "orderconsumerapi", "orderconsumerapi\orderconsumerapi.csproj", "{293AC969-1870-4E46-A143-4F3CE1BDF631}"
EndProject
Global
	GlobalSection(SolutionConfigurationPlatforms) = preSolution
		Debug|Any CPU = Debug|Any CPU
		Release|Any CPU = Release|Any CPU
	EndGlobalSection
	GlobalSection(ProjectConfigurationPlatforms) = postSolution
		{293AC969-1870-4E46-A143-4F3CE1BDF631}.Debug|Any CPU.ActiveCfg = Debug|Any CPU
		{293AC969-1870-4E46-A143-4F3CE1BDF631}.Debug|Any CPU.Build.0 = Debug|Any CPU
		{293AC969-1870-4E46-A143-4F3CE1BDF631}.Release|Any CPU.ActiveCfg = Release|Any CPU
		{293AC969-1870-4E46-A143-4F3CE1BDF631}.Release|Any CPU.Build.0 = Release|Any CPU
	EndGlobalSection
	GlobalSection(SolutionProperties) = preSolution
		HideSolutionNode = FALSE
	EndGlobalSection
	GlobalSection(ExtensibilityGlobals) = postSolution
		SolutionGuid = {4973A341-8277-4032-97C8-18970C67ED5F}
	EndGlobalSection
EndGlobal
